
Microsoft Visual Studio Solution File, Format Version 12.00
Project("{FAE04EC0-301F-11D3-BF4B-00C04F79EFBC}") = "PublicHolidaysApi", "PublicHolidaysApi\PublicHolidaysApi.csproj", "{3014343C-A363-4EE1-A206-2AFAC7ED4746}"
EndProject
Project("{2150E333-8FDC-42A3-9474-1A3956D46DE8}") = "Solution Items", "Solution Items", "{C0F1EBF2-226E-4211-96F6-FBDF1CA99152}"
	ProjectSection(SolutionItems) = preProject
		docker-compose.yml = docker-compose.yml
	EndProjectSection
EndProject
Global
	GlobalSection(SolutionConfigurationPlatforms) = preSolution
		Debug|Any CPU = Debug|Any CPU
		Release|Any CPU = Release|Any CPU
	EndGlobalSection
	GlobalSection(ProjectConfigurationPlatforms) = postSolution
		{3014343C-A363-4EE1-A206-2AFAC7ED4746}.Debug|Any CPU.ActiveCfg = Debug|Any CPU
		{3014343C-A363-4EE1-A206-2AFAC7ED4746}.Debug|Any CPU.Build.0 = Debug|Any CPU
		{3014343C-A363-4EE1-A206-2AFAC7ED4746}.Release|Any CPU.ActiveCfg = Release|Any CPU
		{3014343C-A363-4EE1-A206-2AFAC7ED4746}.Release|Any CPU.Build.0 = Release|Any CPU
	EndGlobalSection
EndGlobal
